
Microsoft Visual Studio Solution File, Format Version 12.00
# Visual Studio Version 17
VisualStudioVersion = 17.6.33829.357
MinimumVisualStudioVersion = 10.0.40219.1
Project("{888888A0-9F3D-457C-B088-3A5042F75D52}") = "RPS", "RPS\RPS.pyproj", "{D4F30CF4-45FE-4444-A700-51791296FD07}"
EndProject
Global
	GlobalSection(SolutionConfigurationPlatforms) = preSolution
		Debug|Any CPU = Debug|Any CPU
		Release|Any CPU = Release|Any CPU
	EndGlobalSection
	GlobalSection(ProjectConfigurationPlatforms) = postSolution
		{D4F30CF4-45FE-4444-A700-51791296FD07}.Debug|Any CPU.ActiveCfg = Debug|Any CPU
		{D4F30CF4-45FE-4444-A700-51791296FD07}.Release|Any CPU.ActiveCfg = Release|Any CPU
	EndGlobalSection
	GlobalSection(SolutionProperties) = preSolution
		HideSolutionNode = FALSE
	EndGlobalSection
	GlobalSection(ExtensibilityGlobals) = postSolution
		SolutionGuid = {3F290E21-73FF-4991-99B6-F522AAC99B53}
	EndGlobalSection
EndGlobal
